
Microsoft Visual Studio Solution File, Format Version 12.00
# Visual Studio 14
VisualStudioVersion = 14.0.25420.1
MinimumVisualStudioVersion = 10.0.40219.1
Project("{8BC9CEB8-8B4A-11D0-8D11-00A0C91BC942}") = "_scard", "DynLibs\DynLibs.vcxproj", "{0036AC4E-4B0F-4108-954A-7EB540D22D08}"
EndProject
Project("{888888A0-9F3D-457C-B088-3A5042F75D52}") = "python-scard", "python-scard\python-scard.pyproj", "{E0A891B1-AD79-4E37-99CA-5C46B17888BF}"
EndProject
Global
	GlobalSection(SolutionConfigurationPlatforms) = preSolution
		Debug|Any CPU = Debug|Any CPU
		Debug|Mixed Platforms = Debug|Mixed Platforms
		Debug|Win32 = Debug|Win32
		Debug|x64 = Debug|x64
		Debug64|Any CPU = Debug64|Any CPU
		Debug64|Mixed Platforms = Debug64|Mixed Platforms
		Debug64|Win32 = Debug64|Win32
		Debug64|x64 = Debug64|x64
		Release|Any CPU = Release|Any CPU
		Release|Mixed Platforms = Release|Mixed Platforms
		Release|Win32 = Release|Win32
		Release|x64 = Release|x64
		Release64|Any CPU = Release64|Any CPU
		Release64|Mixed Platforms = Release64|Mixed Platforms
		Release64|Win32 = Release64|Win32
		Release64|x64 = Release64|x64
	EndGlobalSection
	GlobalSection(ProjectConfigurationPlatforms) = postSolution
		{0036AC4E-4B0F-4108-954A-7EB540D22D08}.Debug|Any CPU.ActiveCfg = Debug|Win32
		{0036AC4E-4B0F-4108-954A-7EB540D22D08}.Debug|Mixed Platforms.ActiveCfg = Debug|Win32
		{0036AC4E-4B0F-4108-954A-7EB540D22D08}.Debug|Mixed Platforms.Build.0 = Debug|Win32
		{0036AC4E-4B0F-4108-954A-7EB540D22D08}.Debug|Win32.ActiveCfg = Debug|Win32
		{0036AC4E-4B0F-4108-954A-7EB540D22D08}.Debug|Win32.Build.0 = Debug|Win32
		{0036AC4E-4B0F-4108-954A-7EB540D22D08}.Debug|x64.ActiveCfg = Debug|x64
		{0036AC4E-4B0F-4108-954A-7EB540D22D08}.Debug|x64.Build.0 = Debug|x64
		{0036AC4E-4B0F-4108-954A-7EB540D22D08}.Debug64|Any CPU.ActiveCfg = Debug64|Win32
		{0036AC4E-4B0F-4108-954A-7EB540D22D08}.Debug64|Mixed Platforms.ActiveCfg = Debug64|Win32
		{0036AC4E-4B0F-4108-954A-7EB540D22D08}.Debug64|Mixed Platforms.Build.0 = Debug64|Win32
		{0036AC4E-4B0F-4108-954A-7EB540D22D08}.Debug64|Win32.ActiveCfg = Debug64|Win32
		{0036AC4E-4B0F-4108-954A-7EB540D22D08}.Debug64|Win32.Build.0 = Debug64|Win32
		{0036AC4E-4B0F-4108-954A-7EB540D22D08}.Debug64|x64.ActiveCfg = Debug64|x64
		{0036AC4E-4B0F-4108-954A-7EB540D22D08}.Debug64|x64.Build.0 = Debug64|x64
		{0036AC4E-4B0F-4108-954A-7EB540D22D08}.Release|Any CPU.ActiveCfg = Release|Win32
		{0036AC4E-4B0F-4108-954A-7EB540D22D08}.Release|Mixed Platforms.ActiveCfg = Release|Win32
		{0036AC4E-4B0F-4108-954A-7EB540D22D08}.Release|Mixed Platforms.Build.0 = Release|Win32
		{0036AC4E-4B0F-4108-954A-7EB540D22D08}.Release|Win32.ActiveCfg = Release|Win32
		{0036AC4E-4B0F-4108-954A-7EB540D22D08}.Release|Win32.Build.0 = Release|Win32
		{0036AC4E-4B0F-4108-954A-7EB540D22D08}.Release|x64.ActiveCfg = Release|x64
		{0036AC4E-4B0F-4108-954A-7EB540D22D08}.Release|x64.Build.0 = Release|x64
		{0036AC4E-4B0F-4108-954A-7EB540D22D08}.Release64|Any CPU.ActiveCfg = Release64|Win32
		{0036AC4E-4B0F-4108-954A-7EB540D22D08}.Release64|Mixed Platforms.ActiveCfg = Release64|Win32
		{0036AC4E-4B0F-4108-954A-7EB540D22D08}.Release64|Mixed Platforms.Build.0 = Release64|Win32
		{0036AC4E-4B0F-4108-954A-7EB540D22D08}.Release64|Win32.ActiveCfg = Release64|Win32
		{0036AC4E-4B0F-4108-954A-7EB540D22D08}.Release64|Win32.Build.0 = Release64|Win32
		{0036AC4E-4B0F-4108-954A-7EB540D22D08}.Release64|x64.ActiveCfg = Release64|x64
		{0036AC4E-4B0F-4108-954A-7EB540D22D08}.Release64|x64.Build.0 = Release64|x64
		{E0A891B1-AD79-4E37-99CA-5C46B17888BF}.Debug|Any CPU.ActiveCfg = Debug|Any CPU
		{E0A891B1-AD79-4E37-99CA-5C46B17888BF}.Debug|Mixed Platforms.ActiveCfg = Debug|Any CPU
		{E0A891B1-AD79-4E37-99CA-5C46B17888BF}.Debug|Win32.ActiveCfg = Debug|Any CPU
		{E0A891B1-AD79-4E37-99CA-5C46B17888BF}.Debug|x64.ActiveCfg = Debug|Any CPU
		{E0A891B1-AD79-4E37-99CA-5C46B17888BF}.Debug64|Any CPU.ActiveCfg = Debug64|Any CPU
		{E0A891B1-AD79-4E37-99CA-5C46B17888BF}.Debug64|Mixed Platforms.ActiveCfg = Debug64|Any CPU
		{E0A891B1-AD79-4E37-99CA-5C46B17888BF}.Debug64|Win32.ActiveCfg = Debug64|Any CPU
		{E0A891B1-AD79-4E37-99CA-5C46B17888BF}.Debug64|x64.ActiveCfg = Debug64|Any CPU
		{E0A891B1-AD79-4E37-99CA-5C46B17888BF}.Release|Any CPU.ActiveCfg = Release|Any CPU
		{E0A891B1-AD79-4E37-99CA-5C46B17888BF}.Release|Mixed Platforms.ActiveCfg = Release|Any CPU
		{E0A891B1-AD79-4E37-99CA-5C46B17888BF}.Release|Win32.ActiveCfg = Release|Any CPU
		{E0A891B1-AD79-4E37-99CA-5C46B17888BF}.Release|x64.ActiveCfg = Release|Any CPU
		{E0A891B1-AD79-4E37-99CA-5C46B17888BF}.Release64|Any CPU.ActiveCfg = Release64|Any CPU
		{E0A891B1-AD79-4E37-99CA-5C46B17888BF}.Release64|Mixed Platforms.ActiveCfg = Release64|Any CPU
		{E0A891B1-AD79-4E37-99CA-5C46B17888BF}.Release64|Win32.ActiveCfg = Release64|Any CPU
		{E0A891B1-AD79-4E37-99CA-5C46B17888BF}.Release64|x64.ActiveCfg = Release64|Any CPU
	EndGlobalSection
	GlobalSection(SolutionProperties) = preSolution
		HideSolutionNode = FALSE
	EndGlobalSection
EndGlobal
